
Microsoft Visual Studio Solution File, Format Version 12.00
Project("{FAE04EC0-301F-11D3-BF4B-00C04F79EFBC}") = "Messenger", "Messenger\Messenger.csproj", "{0CEDE70E-7C50-47C6-85E9-D63B00DDAF02}"
EndProject
Global
	GlobalSection(SolutionConfigurationPlatforms) = preSolution
		Debug|Any CPU = Debug|Any CPU
		Release|Any CPU = Release|Any CPU
	EndGlobalSection
	GlobalSection(ProjectConfigurationPlatforms) = postSolution
		{0CEDE70E-7C50-47C6-85E9-D63B00DDAF02}.Debug|Any CPU.ActiveCfg = Debug|Any CPU
		{0CEDE70E-7C50-47C6-85E9-D63B00DDAF02}.Debug|Any CPU.Build.0 = Debug|Any CPU
		{0CEDE70E-7C50-47C6-85E9-D63B00DDAF02}.Release|Any CPU.ActiveCfg = Release|Any CPU
		{0CEDE70E-7C50-47C6-85E9-D63B00DDAF02}.Release|Any CPU.Build.0 = Release|Any CPU
	EndGlobalSection
EndGlobal
